<?xml version="1.0" encoding="utf-8"?>
<Project ToolsVersion="4.0" xmlns="http://schemas.microsoft.com/developer/msbuild/2003">
  <ItemGroup>
    <Filter Include="Source Files">
      <UniqueIdentifier>{4FC737F1-C7A5-4376-A066-2A32D752A2FF}</UniqueIdentifier>
      <Extensions>cpp;c;cc;cxx;def;odl;idl;hpj;bat;asm;asmx</Extensions>
    </Filter>
    <Filter Include="Header Files">
      <UniqueIdentifier>{93995380-89BD-4b04-88EB-625FBE52EBFB}</UniqueIdentifier>
      <Extensions>h;hh;hpp;hxx;hm;inl;inc;ipp;xsd</Extensions>
    </Filter>
    <Filter Include="Resource Files">
      <UniqueIdentifier>{67DA6AB6-F800-4c08-8B7A-83BB121AAD01}</UniqueIdentifier>
      <Extensions>rc;ico;cur;bmp;dlg;rc2;rct;bin;rgs;gif;jpg;jpeg;jpe;resx;tiff;tif;png;wav;mfcribbon-ms</Extensions>
    </Filter>
    <Filter Include="Shader">
      <UniqueIdentifier>{eb7d4b60-09a6-43e4-9a73-fae3a56da66b}</UniqueIdentifier>
    </Filter>
    <Filter Include="Objects">
      <UniqueIdentifier>{906f593c-91eb-40d2-85bd-6e5a882a6eaf}</UniqueIdentifier>
    </Filter>
    <Filter Include="Properties">
      <UniqueIdentifier>{4b6e4516-ecd7-4eef-a334-e8c0bad9934a}</UniqueIdentifier>
    </Filter>
    <Filter Include="Manager">
      <UniqueIdentifier>{6b6c48a9-5076-40af-80e3-fb8b1b643a06}</UniqueIdentifier>
    </Filter>
    <Filter Include="DesignPatterns">
      <UniqueIdentifier>{daa0e7ba-5513-4a35-9a6b-8edc9d071c52}</UniqueIdentifier>
    </Filter>
  </ItemGroup>
  <ItemGroup>
    <ClCompile Include="Source.cpp">
      <Filter>Source Files</Filter>
    </ClCompile>
    <ClCompile Include="Window.cpp">
      <Filter>Source Files</Filter>
    </ClCompile>
    <ClCompile Include="Timer.cpp">
      <Filter>Source Files</Filter>
    </ClCompile>
    <ClCompile Include="Graphic.cpp">
      <Filter>Source Files</Filter>
    </ClCompile>
    <ClCompile Include="Keyboard.cpp">
      <Filter>Source Files</Filter>
    </ClCompile>
    <ClCompile Include="Scene.cpp">
      <Filter>Source Files</Filter>
    </ClCompile>
    <ClCompile Include="Debugging.cpp">
      <Filter>Source Files</Filter>
    </ClCompile>
    <ClCompile Include="Transform.cpp">
      <Filter>Properties</Filter>
    </ClCompile>
    <ClCompile Include="TextureMgr.cpp">
      <Filter>Manager</Filter>
    </ClCompile>
    <ClCompile Include="Quad.cpp">
      <Filter>Properties</Filter>
    </ClCompile>
    <ClCompile Include="Shader.cpp">
      <Filter>Properties</Filter>
    </ClCompile>
    <ClCompile Include="WaveMgr.cpp">
      <Filter>Objects</Filter>
    </ClCompile>
    <ClCompile Include="Stone.cpp">
      <Filter>Objects</Filter>
    </ClCompile>
    <ClCompile Include="Player.cpp">
      <Filter>Objects</Filter>
    </ClCompile>
    <ClCompile Include="Camera.cpp">
      <Filter>Objects</Filter>
    </ClCompile>
    <ClCompile Include="BlendState.cpp">
      <Filter>Properties</Filter>
    </ClCompile>
    <ClCompile Include="ScreenQuad.cpp">
      <Filter>Objects</Filter>
    </ClCompile>
    <ClCompile Include="Map.cpp">
      <Filter>Objects</Filter>
    </ClCompile>
    <ClCompile Include="EnemyMgr.cpp">
      <Filter>Objects</Filter>
    </ClCompile>
    <ClCompile Include="Enemy.cpp">
      <Filter>Objects</Filter>
    </ClCompile>
  </ItemGroup>
  <ItemGroup>
    <ClInclude Include="Window.h">
      <Filter>Header Files</Filter>
    </ClInclude>
    <ClInclude Include="Timer.h">
      <Filter>Header Files</Filter>
    </ClInclude>
    <ClInclude Include="Graphic.h">
      <Filter>Header Files</Filter>
    </ClInclude>
    <ClInclude Include="CustomFormat.h">
      <Filter>Header Files</Filter>
    </ClInclude>
    <ClInclude Include="Keyboard.h">
      <Filter>Header Files</Filter>
    </ClInclude>
    <ClInclude Include="Scene.h">
      <Filter>Header Files</Filter>
    </ClInclude>
    <ClInclude Include="Debugging.h">
      <Filter>Header Files</Filter>
    </ClInclude>
    <ClInclude Include="Transform.h">
      <Filter>Properties</Filter>
    </ClInclude>
    <ClInclude Include="Player.h">
      <Filter>Objects</Filter>
    </ClInclude>
    <ClInclude Include="TextureMgr.h">
      <Filter>Manager</Filter>
    </ClInclude>
    <ClInclude Include="Quad.h">
      <Filter>Properties</Filter>
    </ClInclude>
    <ClInclude Include="Math.h">
      <Filter>Header Files</Filter>
    </ClInclude>
    <ClInclude Include="Shader.h">
      <Filter>Properties</Filter>
    </ClInclude>
    <ClInclude Include="Singleton.h">
      <Filter>DesignPatterns</Filter>
    </ClInclude>
    <ClInclude Include="Resource.h">
      <Filter>Properties</Filter>
    </ClInclude>
    <ClInclude Include="DX_info.h">
      <Filter>Header Files</Filter>
    </ClInclude>
    <ClInclude Include="Game_info.h">
      <Filter>Header Files</Filter>
    </ClInclude>
    <ClInclude Include="WaveMgr.h">
      <Filter>Objects</Filter>
    </ClInclude>
    <ClInclude Include="Network.h">
      <Filter>Properties</Filter>
    </ClInclude>
    <ClInclude Include="Stone.h">
      <Filter>Objects</Filter>
    </ClInclude>
    <ClInclude Include="Camera.h">
      <Filter>Objects</Filter>
    </ClInclude>
    <ClInclude Include="BlendState.h">
      <Filter>Properties</Filter>
    </ClInclude>
    <ClInclude Include="ScreenQuad.h">
      <Filter>Objects</Filter>
    </ClInclude>
    <ClInclude Include="Map.h">
      <Filter>Objects</Filter>
    </ClInclude>
    <ClInclude Include="EnemyMgr.h">
      <Filter>Objects</Filter>
    </ClInclude>
    <ClInclude Include="Enemy.h">
      <Filter>Objects</Filter>
    </ClInclude>
  </ItemGroup>
  <ItemGroup>
    <FxCompile Include="FootprintVS.hlsl">
      <Filter>Shader</Filter>
    </FxCompile>
    <FxCompile Include="FootprintPS.hlsl">
      <Filter>Shader</Filter>
    </FxCompile>
    <FxCompile Include="ScreenVS.hlsl">
      <Filter>Shader</Filter>
    </FxCompile>
    <FxCompile Include="ScreenPS.hlsl">
      <Filter>Shader</Filter>
    </FxCompile>
    <FxCompile Include="StoneVS.hlsl">
      <Filter>Shader</Filter>
    </FxCompile>
    <FxCompile Include="StonePS.hlsl">
      <Filter>Shader</Filter>
    </FxCompile>
    <FxCompile Include="MarkVS.hlsl">
      <Filter>Shader</Filter>
    </FxCompile>
    <FxCompile Include="MarkPS.hlsl">
      <Filter>Shader</Filter>
    </FxCompile>
    <FxCompile Include="WaveDrawCS.hlsl">
      <Filter>Shader</Filter>
    </FxCompile>
    <FxCompile Include="GridVS.hlsl">
      <Filter>Shader</Filter>
    </FxCompile>
    <FxCompile Include="GridPS.hlsl">
      <Filter>Shader</Filter>
    </FxCompile>
  </ItemGroup>
  <ItemGroup>
    <None Include="ShaderInfo.cginc">
      <Filter>Shader</Filter>
    </None>
  </ItemGroup>
</Project>